<Solution>
  <Folder Name="/src/">
    <Project Path="src/Api/Api.csproj" />
    <Project Path="src/BlazorApp/BlazorApp.csproj" />
  </Folder>
  <Folder Name="/tests/">
    <Project Path="tests/Api.Tests/Api.Tests.csproj" />
  </Folder>
  <Folder Name="/tools/" />
  <Folder Name="/tools/agent-webhook/">
    <Project Path="tools/agent-webhook/AgentWebhook.csproj" />
  </Folder>
</Solution>
